
Microsoft Visual Studio Solution File, Format Version 12.00
# Visual Studio Version 16
VisualStudioVersion = 16.0.30114.105
MinimumVisualStudioVersion = 10.0.40219.1
Project("{2150E333-8FDC-42A3-9474-1A3956D46DE8}") = "src", "src", "{C2AF923B-23E3-4F08-A241-31A6AB9A8A33}"
EndProject
Project("{FAE04EC0-301F-11D3-BF4B-00C04F79EFBC}") = "GradeBook", "src\GradeBook\GradeBook.csproj", "{C5A48AE6-358C-40BB-8D89-85293F440395}"
EndProject
Project("{2150E333-8FDC-42A3-9474-1A3956D46DE8}") = "test", "test", "{17A1F4D5-0E62-4563-932F-2DD290A27889}"
EndProject
Project("{FAE04EC0-301F-11D3-BF4B-00C04F79EFBC}") = "GradeBook.Tests", "test\GradeBook.Tests\GradeBook.Tests.csproj", "{2DF79833-63AA-4B88-AC8E-B74E00002001}"
EndProject
Global
	GlobalSection(SolutionConfigurationPlatforms) = preSolution
		Debug|Any CPU = Debug|Any CPU
		Debug|x64 = Debug|x64
		Debug|x86 = Debug|x86
		Release|Any CPU = Release|Any CPU
		Release|x64 = Release|x64
		Release|x86 = Release|x86
	EndGlobalSection
	GlobalSection(SolutionProperties) = preSolution
		HideSolutionNode = FALSE
	EndGlobalSection
	GlobalSection(ProjectConfigurationPlatforms) = postSolution
		{C5A48AE6-358C-40BB-8D89-85293F440395}.Debug|Any CPU.ActiveCfg = Debug|Any CPU
		{C5A48AE6-358C-40BB-8D89-85293F440395}.Debug|Any CPU.Build.0 = Debug|Any CPU
		{C5A48AE6-358C-40BB-8D89-85293F440395}.Debug|x64.ActiveCfg = Debug|Any CPU
		{C5A48AE6-358C-40BB-8D89-85293F440395}.Debug|x64.Build.0 = Debug|Any CPU
		{C5A48AE6-358C-40BB-8D89-85293F440395}.Debug|x86.ActiveCfg = Debug|Any CPU
		{C5A48AE6-358C-40BB-8D89-85293F440395}.Debug|x86.Build.0 = Debug|Any CPU
		{C5A48AE6-358C-40BB-8D89-85293F440395}.Release|Any CPU.ActiveCfg = Release|Any CPU
		{C5A48AE6-358C-40BB-8D89-85293F440395}.Release|Any CPU.Build.0 = Release|Any CPU
		{C5A48AE6-358C-40BB-8D89-85293F440395}.Release|x64.ActiveCfg = Release|Any CPU
		{C5A48AE6-358C-40BB-8D89-85293F440395}.Release|x64.Build.0 = Release|Any CPU
		{C5A48AE6-358C-40BB-8D89-85293F440395}.Release|x86.ActiveCfg = Release|Any CPU
		{C5A48AE6-358C-40BB-8D89-85293F440395}.Release|x86.Build.0 = Release|Any CPU
		{2DF79833-63AA-4B88-AC8E-B74E00002001}.Debug|Any CPU.ActiveCfg = Debug|Any CPU
		{2DF79833-63AA-4B88-AC8E-B74E00002001}.Debug|Any CPU.Build.0 = Debug|Any CPU
		{2DF79833-63AA-4B88-AC8E-B74E00002001}.Debug|x64.ActiveCfg = Debug|Any CPU
		{2DF79833-63AA-4B88-AC8E-B74E00002001}.Debug|x64.Build.0 = Debug|Any CPU
		{2DF79833-63AA-4B88-AC8E-B74E00002001}.Debug|x86.ActiveCfg = Debug|Any CPU
		{2DF79833-63AA-4B88-AC8E-B74E00002001}.Debug|x86.Build.0 = Debug|Any CPU
		{2DF79833-63AA-4B88-AC8E-B74E00002001}.Release|Any CPU.ActiveCfg = Release|Any CPU
		{2DF79833-63AA-4B88-AC8E-B74E00002001}.Release|Any CPU.Build.0 = Release|Any CPU
		{2DF79833-63AA-4B88-AC8E-B74E00002001}.Release|x64.ActiveCfg = Release|Any CPU
		{2DF79833-63AA-4B88-AC8E-B74E00002001}.Release|x64.Build.0 = Release|Any CPU
		{2DF79833-63AA-4B88-AC8E-B74E00002001}.Release|x86.ActiveCfg = Release|Any CPU
		{2DF79833-63AA-4B88-AC8E-B74E00002001}.Release|x86.Build.0 = Release|Any CPU
	EndGlobalSection
	GlobalSection(NestedProjects) = preSolution
		{C5A48AE6-358C-40BB-8D89-85293F440395} = {C2AF923B-23E3-4F08-A241-31A6AB9A8A33}
		{2DF79833-63AA-4B88-AC8E-B74E00002001} = {17A1F4D5-0E62-4563-932F-2DD290A27889}
	EndGlobalSection
EndGlobal
